// !$*UTF8*$!
{
	archiveVersion = 1;
	classes = {
	};
	objectVersion = 48;
	objects = {

/* Begin PBXBuildFile section */
		0C50CE631F569C7F0053DC82 /* AppDelegate.swift in Sources */ = {isa = PBXBuildFile; fileRef = 0C50CE621F569C7F0053DC82 /* AppDelegate.swift */; };
		0C50CE681F569C7F0053DC82 /* Main.storyboard in Resources */ = {isa = PBXBuildFile; fileRef = 0C50CE661F569C7F0053DC82 /* Main.storyboard */; };
		0C50CE6A1F569C7F0053DC82 /* Assets.xcassets in Resources */ = {isa = PBXBuildFile; fileRef = 0C50CE691F569C7F0053DC82 /* Assets.xcassets */; };
		0C50CE6D1F569C7F0053DC82 /* LaunchScreen.storyboard in Resources */ = {isa = PBXBuildFile; fileRef = 0C50CE6B1F569C7F0053DC82 /* LaunchScreen.storyboard */; };
		0C50CE771F569D970053DC82 /* Product.swift in Sources */ = {isa = PBXBuildFile; fileRef = 0C50CE761F569D970053DC82 /* Product.swift */; };
		0C50CE791F56AAB20053DC82 /* ProductLine.swift in Sources */ = {isa = PBXBuildFile; fileRef = 0C50CE781F56AAB20053DC82 /* ProductLine.swift */; };
		0C50CE7B1F56C1EE0053DC82 /* ProductTableViewController.swift in Sources */ = {isa = PBXBuildFile; fileRef = 0C50CE7A1F56C1EE0053DC82 /* ProductTableViewController.swift */; };
		0C50CE7F1F56E4C00053DC82 /* ProductTableViewCell.swift in Sources */ = {isa = PBXBuildFile; fileRef = 0C50CE7E1F56E4C00053DC82 /* ProductTableViewCell.swift */; };
		0CB056E31F627355001F4A6A /* ProductDetailTableViewController.swift in Sources */ = {isa = PBXBuildFile; fileRef = 0CB056E21F627355001F4A6A /* ProductDetailTableViewController.swift */; };
/* End PBXBuildFile section */

/* Begin PBXFileReference section */
		0C50CE5F1F569C7F0053DC82 /* AppleProducts.app */ = {isa = PBXFileReference; explicitFileType = wrapper.application; includeInIndex = 0; path = AppleProducts.app; sourceTree = BUILT_PRODUCTS_DIR; };
		0C50CE621F569C7F0053DC82 /* AppDelegate.swift */ = {isa = PBXFileReference; lastKnownFileType = sourcecode.swift; path = AppDelegate.swift; sourceTree = "<group>"; };
		0C50CE671F569C7F0053DC82 /* Base */ = {isa = PBXFileReference; lastKnownFileType = file.storyboard; name = Base; path = Base.lproj/Main.storyboard; sourceTree = "<group>"; };
		0C50CE691F569C7F0053DC82 /* Assets.xcassets */ = {isa = PBXFileReference; lastKnownFileType = folder.assetcatalog; path = Assets.xcassets; sourceTree = "<group>"; };
		0C50CE6C1F569C7F0053DC82 /* Base */ = {isa = PBXFileReference; lastKnownFileType = file.storyboard; name = Base; path = Base.lproj/LaunchScreen.storyboard; sourceTree = "<group>"; };
		0C50CE6E1F569C7F0053DC82 /* Info.plist */ = {isa = PBXFileReference; lastKnownFileType = text.plist.xml; path = Info.plist; sourceTree = "<group>"; };
		0C50CE761F569D970053DC82 /* Product.swift */ = {isa = PBXFileReference; lastKnownFileType = sourcecode.swift; path = Product.swift; sourceTree = "<group>"; };
		0C50CE781F56AAB20053DC82 /* ProductLine.swift */ = {isa = PBXFileReference; lastKnownFileType = sourcecode.swift; path = ProductLine.swift; sourceTree = "<group>"; };
		0C50CE7A1F56C1EE0053DC82 /* ProductTableViewController.swift */ = {isa = PBXFileReference; lastKnownFileType = sourcecode.swift; path = ProductTableViewController.swift; sourceTree = "<group>"; };
		0C50CE7E1F56E4C00053DC82 /* ProductTableViewCell.swift */ = {isa = PBXFileReference; lastKnownFileType = sourcecode.swift; path = ProductTableViewCell.swift; sourceTree = "<group>"; };
		0CB056E21F627355001F4A6A /* ProductDetailTableViewController.swift */ = {isa = PBXFileReference; lastKnownFileType = sourcecode.swift; path = ProductDetailTableViewController.swift; sourceTree = "<group>"; };
/* End PBXFileReference section */

/* Begin PBXFrameworksBuildPhase section */
		0C50CE5C1F569C7F0053DC82 /* Frameworks */ = {
			isa = PBXFrameworksBuildPhase;
			buildActionMask = 2147483647;
			files = (
			);
			runOnlyForDeploymentPostprocessing = 0;
		};
/* End PBXFrameworksBuildPhase section */

/* Begin PBXGroup section */
		0C50CE561F569C7F0053DC82 = {
			isa = PBXGroup;
			children = (
				0C50CE611F569C7F0053DC82 /* AppleProducts */,
				0C50CE601F569C7F0053DC82 /* Products */,
			);
			sourceTree = "<group>";
		};
		0C50CE601F569C7F0053DC82 /* Products */ = {
			isa = PBXGroup;
			children = (
				0C50CE5F1F569C7F0053DC82 /* AppleProducts.app */,
			);
			name = Products;
			sourceTree = "<group>";
		};
		0C50CE611F569C7F0053DC82 /* AppleProducts */ = {
			isa = PBXGroup;
			children = (
				0C50CE621F569C7F0053DC82 /* AppDelegate.swift */,
				0C50CE7C1F56DA7E0053DC82 /* Controller */,
				0C50CE751F569D600053DC82 /* Model */,
				0C50CE7D1F56DA9F0053DC82 /* View */,
				0C50CE691F569C7F0053DC82 /* Assets.xcassets */,
				0C50CE6B1F569C7F0053DC82 /* LaunchScreen.storyboard */,
				0C50CE6E1F569C7F0053DC82 /* Info.plist */,
			);
			path = AppleProducts;
			sourceTree = "<group>";
		};
		0C50CE751F569D600053DC82 /* Model */ = {
			isa = PBXGroup;
			children = (
				0C50CE761F569D970053DC82 /* Product.swift */,
				0C50CE781F56AAB20053DC82 /* ProductLine.swift */,
			);
			path = Model;
			sourceTree = "<group>";
		};
		0C50CE7C1F56DA7E0053DC82 /* Controller */ = {
			isa = PBXGroup;
			children = (
				0C50CE7A1F56C1EE0053DC82 /* ProductTableViewController.swift */,
				0CB056E21F627355001F4A6A /* ProductDetailTableViewController.swift */,
			);
			path = Controller;
			sourceTree = "<group>";
		};
		0C50CE7D1F56DA9F0053DC82 /* View */ = {
			isa = PBXGroup;
			children = (
				0C50CE661F569C7F0053DC82 /* Main.storyboard */,
				0C50CE7E1F56E4C00053DC82 /* ProductTableViewCell.swift */,
			);
			path = View;
			sourceTree = "<group>";
		};
/* End PBXGroup section */

/* Begin PBXNativeTarget section */
		0C50CE5E1F569C7F0053DC82 /* AppleProducts */ = {
			isa = PBXNativeTarget;
			buildConfigurationList = 0C50CE711F569C7F0053DC82 /* Build configuration list for PBXNativeTarget "AppleProducts" */;
			buildPhases = (
				0C50CE5B1F569C7F0053DC82 /* Sources */,
				0C50CE5C1F569C7F0053DC82 /* Frameworks */,
				0C50CE5D1F569C7F0053DC82 /* Resources */,
			);
			buildRules = (
			);
			dependencies = (
			);
			name = AppleProducts;
			productName = AppleProducts;
			productReference = 0C50CE5F1F569C7F0053DC82 /* AppleProducts.app */;
			productType = "com.apple.product-type.application";
		};
/* End PBXNativeTarget section */

/* Begin PBXProject section */
		0C50CE571F569C7F0053DC82 /* Project object */ = {
			isa = PBXProject;
			attributes = {
				LastSwiftUpdateCheck = 0900;
				LastUpgradeCheck = 0900;
				ORGANIZATIONNAME = "Appinventiv Technologies";
				TargetAttributes = {
					0C50CE5E1F569C7F0053DC82 = {
						CreatedOnToolsVersion = 9.0;
						ProvisioningStyle = Automatic;
					};
				};
			};
			buildConfigurationList = 0C50CE5A1F569C7F0053DC82 /* Build configuration list for PBXProject "AppleProducts" */;
			compatibilityVersion = "Xcode 8.0";
			developmentRegion = en;
			hasScannedForEncodings = 0;
			knownRegions = (
				en,
				Base,
			);
			mainGroup = 0C50CE561F569C7F0053DC82;
			productRefGroup = 0C50CE601F569C7F0053DC82 /* Products */;
			projectDirPath = "";
			projectRoot = "";
			targets = (
				0C50CE5E1F569C7F0053DC82 /* AppleProducts */,
			);
		};
/* End PBXProject section */

/* Begin PBXResourcesBuildPhase section */
		0C50CE5D1F569C7F0053DC82 /* Resources */ = {
			isa = PBXResourcesBuildPhase;
			buildActionMask = 2147483647;
			files = (
				0C50CE6D1F569C7F0053DC82 /* LaunchScreen.storyboard in Resources */,
				0C50CE6A1F569C7F0053DC82 /* Assets.xcassets in Resources */,
				0C50CE681F569C7F0053DC82 /* Main.storyboard in Resources */,
			);
			runOnlyForDeploymentPostprocessing = 0;
		};
/* End PBXResourcesBuildPhase section */

/* Begin PBXSourcesBuildPhase section */
		0C50CE5B1F569C7F0053DC82 /* Sources */ = {
			isa = PBXSourcesBuildPhase;
			buildActionMask = 2147483647;
			files = (
				0C50CE791F56AAB20053DC82 /* ProductLine.swift in Sources */,
				0C50CE631F569C7F0053DC82 /* AppDelegate.swift in Sources */,
				0C50CE7F1F56E4C00053DC82 /* ProductTableViewCell.swift in Sources */,
				0C50CE771F569D970053DC82 /* Product.swift in Sources */,
				0CB056E31F627355001F4A6A /* ProductDetailTableViewController.swift in Sources */,
				0C50CE7B1F56C1EE0053DC82 /* ProductTableViewController.swift in Sources */,
			);
			runOnlyForDeploymentPostprocessing = 0;
		};
/* End PBXSourcesBuildPhase section */

/* Begin PBXVariantGroup section */
		0C50CE661F569C7F0053DC82 /* Main.storyboard */ = {
			isa = PBXVariantGroup;
			children = (
				0C50CE671F569C7F0053DC82 /* Base */,
			);
			name = Main.storyboard;
			sourceTree = "<group>";
		};
		0C50CE6B1F569C7F0053DC82 /* LaunchScreen.storyboard */ = {
			isa = PBXVariantGroup;
			children = (
				0C50CE6C1F569C7F0053DC82 /* Base */,
			);
			name = LaunchScreen.storyboard;
			sourceTree = "<group>";
		};
/* End PBXVariantGroup section */

/* Begin XCBuildConfiguration section */
		0C50CE6F1F569C7F0053DC82 /* Debug */ = {
			isa = XCBuildConfiguration;
			buildSettings = {
				ALWAYS_SEARCH_USER_PATHS = NO;
				CLANG_ANALYZER_NONNULL = YES;
				CLANG_ANALYZER_NUMBER_OBJECT_CONVERSION = YES_AGGRESSIVE;
				CLANG_CXX_LANGUAGE_STANDARD = "gnu++14";
				CLANG_CXX_LIBRARY = "libc++";
				CLANG_ENABLE_MODULES = YES;
				CLANG_ENABLE_OBJC_ARC = YES;
				CLANG_WARN_BLOCK_CAPTURE_AUTORELEASING = YES;
				CLANG_WARN_BOOL_CONVERSION = YES;
				CLANG_WARN_COMMA = YES;
				CLANG_WARN_CONSTANT_CONVERSION = YES;
				CLANG_WARN_DIRECT_OBJC_ISA_USAGE = YES_ERROR;
				CLANG_WARN_DOCUMENTATION_COMMENTS = YES;
				CLANG_WARN_EMPTY_BODY = YES;
				CLANG_WARN_ENUM_CONVERSION = YES;
				CLANG_WARN_INFINITE_RECURSION = YES;
				CLANG_WARN_INT_CONVERSION = YES;
				CLANG_WARN_NON_LITERAL_NULL_CONVERSION = YES;
				CLANG_WARN_OBJC_LITERAL_CONVERSION = YES;
				CLANG_WARN_OBJC_ROOT_CLASS = YES_ERROR;
				CLANG_WARN_RANGE_LOOP_ANALYSIS = YES;
				CLANG_WARN_STRICT_PROTOTYPES = YES;
				CLANG_WARN_SUSPICIOUS_MOVE = YES;
				CLANG_WARN_UNGUARDED_AVAILABILITY = YES_AGGRESSIVE;
				CLANG_WARN_UNREACHABLE_CODE = YES;
				CLANG_WARN__DUPLICATE_METHOD_MATCH = YES;
				CODE_SIGN_IDENTITY = "iPhone Developer";
				COPY_PHASE_STRIP = NO;
				DEBUG_INFORMATION_FORMAT = dwarf;
				ENABLE_STRICT_OBJC_MSGSEND = YES;
				ENABLE_TESTABILITY = YES;
				GCC_C_LANGUAGE_STANDARD = gnu11;
				GCC_DYNAMIC_NO_PIC = NO;
				GCC_NO_COMMON_BLOCKS = YES;
				GCC_OPTIMIZATION_LEVEL = 0;
				GCC_PREPROCESSOR_DEFINITIONS = (
					"DEBUG=1",
					"$(inherited)",
				);
				GCC_WARN_64_TO_32_BIT_CONVERSION = YES;
				GCC_WARN_ABOUT_RETURN_TYPE = YES_ERROR;
				GCC_WARN_UNDECLARED_SELECTOR = YES;
				GCC_WARN_UNINITIALIZED_AUTOS = YES_AGGRESSIVE;
				GCC_WARN_UNUSED_FUNCTION = YES;
				GCC_WARN_UNUSED_VARIABLE = YES;
				IPHONEOS_DEPLOYMENT_TARGET = 11.0;
				MTL_ENABLE_DEBUG_INFO = YES;
				ONLY_ACTIVE_ARCH = YES;
				SDKROOT = iphoneos;
				SWIFT_ACTIVE_COMPILATION_CONDITIONS = DEBUG;
				SWIFT_OPTIMIZATION_LEVEL = "-Onone";
			};
			name = Debug;
		};
		0C50CE701F569C7F0053DC82 /* Release */ = {
			isa = XCBuildConfiguration;
			buildSettings = {
				ALWAYS_SEARCH_USER_PATHS = NO;
				CLANG_ANALYZER_NONNULL = YES;
				CLANG_ANALYZER_NUMBER_OBJECT_CONVERSION = YES_AGGRESSIVE;
				CLANG_CXX_LANGUAGE_STANDARD = "gnu++14";
				CLANG_CXX_LIBRARY = "libc++";
				CLANG_ENABLE_MODULES = YES;
				CLANG_ENABLE_OBJC_ARC = YES;
				CLANG_WARN_BLOCK_CAPTURE_AUTORELEASING = YES;
				CLANG_WARN_BOOL_CONVERSION = YES;
				CLANG_WARN_COMMA = YES;
				CLANG_WARN_CONSTANT_CONVERSION = YES;
				CLANG_WARN_DIRECT_OBJC_ISA_USAGE = YES_ERROR;
				CLANG_WARN_DOCUMENTATION_COMMENTS = YES;
				CLANG_WARN_EMPTY_BODY = YES;
				CLANG_WARN_ENUM_CONVERSION = YES;
				CLANG_WARN_INFINITE_RECURSION = YES;
				CLANG_WARN_INT_CONVERSION = YES;
				CLANG_WARN_NON_LITERAL_NULL_CONVERSION = YES;
				CLANG_WARN_OBJC_LITERAL_CONVERSION = YES;
				CLANG_WARN_OBJC_ROOT_CLASS = YES_ERROR;
				CLANG_WARN_RANGE_LOOP_ANALYSIS = YES;
				CLANG_WARN_STRICT_PROTOTYPES = YES;
				CLANG_WARN_SUSPICIOUS_MOVE = YES;
				CLANG_WARN_UNGUARDED_AVAILABILITY = YES_AGGRESSIVE;
				CLANG_WARN_UNREACHABLE_CODE = YES;
				CLANG_WARN__DUPLICATE_METHOD_MATCH = YES;
				CODE_SIGN_IDENTITY = "iPhone Developer";
				COPY_PHASE_STRIP = NO;
				DEBUG_INFORMATION_FORMAT = "dwarf-with-dsym";
				ENABLE_NS_ASSERTIONS = NO;
				ENABLE_STRICT_OBJC_MSGSEND = YES;
				GCC_C_LANGUAGE_STANDARD = gnu11;
				GCC_NO_COMMON_BLOCKS = YES;
				GCC_WARN_64_TO_32_BIT_CONVERSION = YES;
				GCC_WARN_ABOUT_RETURN_TYPE = YES_ERROR;
				GCC_WARN_UNDECLARED_SELECTOR = YES;
				GCC_WARN_UNINITIALIZED_AUTOS = YES_AGGRESSIVE;
				GCC_WARN_UNUSED_FUNCTION = YES;
				GCC_WARN_UNUSED_VARIABLE = YES;
				IPHONEOS_DEPLOYMENT_TARGET = 11.0;
				MTL_ENABLE_DEBUG_INFO = NO;
				SDKROOT = iphoneos;
				SWIFT_OPTIMIZATION_LEVEL = "-Owholemodule";
				VALIDATE_PRODUCT = YES;
			};
			name = Release;
		};
		0C50CE721F569C7F0053DC82 /* Debug */ = {
			isa = XCBuildConfiguration;
			buildSettings = {
				ASSETCATALOG_COMPILER_APPICON_NAME = AppIcon;
				CODE_SIGN_STYLE = Automatic;
				INFOPLIST_FILE = AppleProducts/Info.plist;
				LD_RUNPATH_SEARCH_PATHS = "$(inherited) @executable_path/Frameworks";
				PRODUCT_BUNDLE_IDENTIFIER = com.appinventiv.AppleProducts;
				PRODUCT_NAME = "$(TARGET_NAME)";
				SWIFT_VERSION = 4.0;
				TARGETED_DEVICE_FAMILY = "1,2";
			};
			name = Debug;
		};
		0C50CE731F569C7F0053DC82 /* Release */ = {
			isa = XCBuildConfiguration;
			buildSettings = {
				ASSETCATALOG_COMPILER_APPICON_NAME = AppIcon;
				CODE_SIGN_STYLE = Automatic;
				INFOPLIST_FILE = AppleProducts/Info.plist;
				LD_RUNPATH_SEARCH_PATHS = "$(inherited) @executable_path/Frameworks";
				PRODUCT_BUNDLE_IDENTIFIER = com.appinventiv.AppleProducts;
				PRODUCT_NAME = "$(TARGET_NAME)";
				SWIFT_VERSION = 4.0;
				TARGETED_DEVICE_FAMILY = "1,2";
			};
			name = Release;
		};
/* End XCBuildConfiguration section */

/* Begin XCConfigurationList section */
		0C50CE5A1F569C7F0053DC82 /* Build configuration list for PBXProject "AppleProducts" */ = {
			isa = XCConfigurationList;
			buildConfigurations = (
				0C50CE6F1F569C7F0053DC82 /* Debug */,
				0C50CE701F569C7F0053DC82 /* Release */,
			);
			defaultConfigurationIsVisible = 0;
			defaultConfigurationName = Release;
		};
		0C50CE711F569C7F0053DC82 /* Build configuration list for PBXNativeTarget "AppleProducts" */ = {
			isa = XCConfigurationList;
			buildConfigurations = (
				0C50CE721F569C7F0053DC82 /* Debug */,
				0C50CE731F569C7F0053DC82 /* Release */,
			);
			defaultConfigurationIsVisible = 0;
			defaultConfigurationName = Release;
		};
/* End XCConfigurationList section */
	};
	rootObject = 0C50CE571F569C7F0053DC82 /* Project object */;
}
